
Microsoft Visual Studio Solution File, Format Version 12.00
Project("{FAE04EC0-301F-11D3-BF4B-00C04F79EFBC}") = "BnplV2", "BnplV2\BnplV2.csproj", "{4C87F062-4D08-4AF8-AB11-23413C316DF3}"
EndProject
Global
	GlobalSection(SolutionConfigurationPlatforms) = preSolution
		Debug|Any CPU = Debug|Any CPU
		Release|Any CPU = Release|Any CPU
	EndGlobalSection
	GlobalSection(ProjectConfigurationPlatforms) = postSolution
		{4C87F062-4D08-4AF8-AB11-23413C316DF3}.Debug|Any CPU.ActiveCfg = Debug|Any CPU
		{4C87F062-4D08-4AF8-AB11-23413C316DF3}.Debug|Any CPU.Build.0 = Debug|Any CPU
		{4C87F062-4D08-4AF8-AB11-23413C316DF3}.Release|Any CPU.ActiveCfg = Release|Any CPU
		{4C87F062-4D08-4AF8-AB11-23413C316DF3}.Release|Any CPU.Build.0 = Release|Any CPU
	EndGlobalSection
EndGlobal
